// !$*UTF8*$!
{
	archiveVersion = 1;
	classes = {
	};
	objectVersion = 77;
	objects = {

/* Begin PBXBuildFile section */
		07ED5DC1A2972B4A4F7FCBF1 /* FeedFlowIngestion in Frameworks */ = {isa = PBXBuildFile; productRef = 7147435FC23898A9C97B67A7 /* FeedFlowIngestion */; };
		0B36AD0A27AFDCAB3EF8E327 /* FeedFlowSearch in Frameworks */ = {isa = PBXBuildFile; productRef = D4B9471F056F9AFD502EABEB /* FeedFlowSearch */; };
		0EEA6E66ABB20D1A003719F0 /* BrowserWorkerMain.swift in Sources */ = {isa = PBXBuildFile; fileRef = 2DCBA6F6595BB4BFAEFB91C1 /* BrowserWorkerMain.swift */; };
		1576B8E49BD29039760587DD /* FeedFlowDomain in Frameworks */ = {isa = PBXBuildFile; productRef = 4F58F797FCF0812A5575C2D3 /* FeedFlowDomain */; };
		1A8639ED84C3FC9D3B466A38 /* RootView.swift in Sources */ = {isa = PBXBuildFile; fileRef = 43A9035A86DCADA93138BACC /* RootView.swift */; };
		26883F49A6BE2E41C06F167E /* FeedFlowUITests.swift in Sources */ = {isa = PBXBuildFile; fileRef = 57BE4D721DF7974A8B38F55B /* FeedFlowUITests.swift */; };
		36A05EB6821D9EC9AE007662 /* FeedFlowConnectors in Frameworks */ = {isa = PBXBuildFile; productRef = 4ECA83DE800A876354B1694E /* FeedFlowConnectors */; };
		3B966B0178ACDFA39B24A2D6 /* ShareExtensionHandler.swift in Sources */ = {isa = PBXBuildFile; fileRef = A14C2FCAC4600616F4F9D196 /* ShareExtensionHandler.swift */; };
		3E13540484CAF67B1CA9A4AA /* FeedFlowRanking in Frameworks */ = {isa = PBXBuildFile; productRef = A7B42273B716CECDF9B9764B /* FeedFlowRanking */; };
		4E2231AE4FC863EF4A0C8D5A /* EventDetailView.swift in Sources */ = {isa = PBXBuildFile; fileRef = C1058264FBD565C7B5B0FD2E /* EventDetailView.swift */; };
		4E42DC5045FA1C16276F5DF4 /* FeedFlowBrowser in Frameworks */ = {isa = PBXBuildFile; productRef = D09F43AE760EE4FF03252D61 /* FeedFlowBrowser */; };
		5498850CC3EA972406B66F5F /* FeedFlowIngestion in Frameworks */ = {isa = PBXBuildFile; productRef = 0DF7C575E8E5A634A3BFB736 /* FeedFlowIngestion */; };
		5A6443E2C0491A36ED34E0AA /* TodayView.swift in Sources */ = {isa = PBXBuildFile; fileRef = 39742223E15387A2662FAACF /* TodayView.swift */; };
		601FF736EF59AF36EABE8EEC /* FeedFlowAgent.app in Embed Dependencies */ = {isa = PBXBuildFile; fileRef = 4839F3A11D9569836D46C3A7 /* FeedFlowAgent.app */; settings = {ATTRIBUTES = (RemoveHeadersOnCopy, ); }; };
		65F5950A728CA8F233DB08C2 /* FeedFlowModels in Frameworks */ = {isa = PBXBuildFile; productRef = 67CEF6987C2ED699F7DE2F45 /* FeedFlowModels */; };
		7FA3FBA330B9278BE98D0B4B /* FeedFlowShare.appex in Embed Foundation Extensions */ = {isa = PBXBuildFile; fileRef = 890723AC38615F25A877AB04 /* FeedFlowShare.appex */; settings = {ATTRIBUTES = (RemoveHeadersOnCopy, ); }; };
		811FF5FB75887B9C4D189948 /* SettingsView.swift in Sources */ = {isa = PBXBuildFile; fileRef = 3A9330203041877BF8BD82F2 /* SettingsView.swift */; };
		82D419B006EFC9C7FBAAF3C0 /* FeedFlowApp.swift in Sources */ = {isa = PBXBuildFile; fileRef = 5C2A8B6117EAACEB36245900 /* FeedFlowApp.swift */; };
		85969344C0770FE390BD0213 /* FlowView.swift in Sources */ = {isa = PBXBuildFile; fileRef = C23B1B15D515C3A91B53DA15 /* FlowView.swift */; };
		85F68003DB00C8829B6832B7 /* FeedFlowBrowser in Frameworks */ = {isa = PBXBuildFile; productRef = D5F65EBF951457ED4F243FE4 /* FeedFlowBrowser */; };
		90A1299D41AE137EE0B21260 /* FeedFlowConnectors in Frameworks */ = {isa = PBXBuildFile; productRef = D3129813C07251107924940F /* FeedFlowConnectors */; };
		936B01D900BF33BB970D5941 /* FeedFlowIPC in Frameworks */ = {isa = PBXBuildFile; productRef = 456B9C9229765911ED641D7C /* FeedFlowIPC */; };
		9509A3620831CA9FFD769C7E /* AgentMain.swift in Sources */ = {isa = PBXBuildFile; fileRef = DB0CBDD5F232F59C98600AA2 /* AgentMain.swift */; };
		A6790E11DBA1BE279A12330A /* FeedFlowDomain in Frameworks */ = {isa = PBXBuildFile; productRef = 7B34A26B9147386E0DD524DD /* FeedFlowDomain */; };
		B29C82FCC96B42E2966B32CA /* FeedFlowIntelligence in Frameworks */ = {isa = PBXBuildFile; productRef = AD46206C89EEB41641EF9235 /* FeedFlowIntelligence */; };
		B6485FDEB18A3A5958E94D06 /* FeedFlowReader in Frameworks */ = {isa = PBXBuildFile; productRef = AE2EA40F1226882D41D865A4 /* FeedFlowReader */; };
		B67490D6C1B8D983ECF82E1C /* FeedFlowIntelligence in Frameworks */ = {isa = PBXBuildFile; productRef = 9449DF985740F39D06C7CA43 /* FeedFlowIntelligence */; };
		B704B7D0A3C1C28AFB59163C /* FeedFlowDesignSystem in Frameworks */ = {isa = PBXBuildFile; productRef = 18D19F67D60BF7F7962D4ECE /* FeedFlowDesignSystem */; };
		BFD4DCBFC8AA109867A33D18 /* Sparkle in Frameworks */ = {isa = PBXBuildFile; productRef = F61F3CBC1EC630D8F1353D6F /* Sparkle */; };
		C29E8C507357A0438F46D625 /* LibraryViews.swift in Sources */ = {isa = PBXBuildFile; fileRef = D79F900795A54E34CC993FA9 /* LibraryViews.swift */; };
		C9F24807332D026F97866522 /* FeedFlowSearch in Frameworks */ = {isa = PBXBuildFile; productRef = 509E8F75B363A3B1113B8DEA /* FeedFlowSearch */; };
		CB70977320D7664C14352072 /* FeedFlowStorage in Frameworks */ = {isa = PBXBuildFile; productRef = FBDD31B8BFAC4424D8B5DE90 /* FeedFlowStorage */; };
		CBA9960C315068DB7EE62909 /* FeedFlowIPC in Frameworks */ = {isa = PBXBuildFile; productRef = DFC543AD9EC0C1CE66A15E7A /* FeedFlowIPC */; };
		D79583324E9D9391FA00F197 /* FeedFlowStorage in Frameworks */ = {isa = PBXBuildFile; productRef = 2517BCED41089106118883AE /* FeedFlowStorage */; };
		D9D6E5223DC4181C4934B6F4 /* FeedFlowBrowserWorker.app in Embed Dependencies */ = {isa = PBXBuildFile; fileRef = FF2CCA0F0CAE91F9253BDE34 /* FeedFlowBrowserWorker.app */; settings = {ATTRIBUTES = (RemoveHeadersOnCopy, ); }; };
		DB77F99598373600AD909CDE /* FeedFlowConnectors in Frameworks */ = {isa = PBXBuildFile; productRef = EC901959C67988C8A8844BCB /* FeedFlowConnectors */; };
		EFDD5B6E604DE02D4A1612D3 /* FeedFlowRanking in Frameworks */ = {isa = PBXBuildFile; productRef = 64A31C675586B2ECEA5AADFE /* FeedFlowRanking */; };
		F03B11637920C1807FC7DF61 /* FeedFlowIPC in Frameworks */ = {isa = PBXBuildFile; productRef = 3D764C961B7ADECC79C36752 /* FeedFlowIPC */; };
		F72BB4D4695E1AF89A8F81F9 /* FeedFlowBrowser in Frameworks */ = {isa = PBXBuildFile; productRef = 70D62D19E373FFF05EBDABBC /* FeedFlowBrowser */; };
		F85BC10C82569C96FFB89A2C /* SearchScreen.swift in Sources */ = {isa = PBXBuildFile; fileRef = 943647581B12265F98705F66 /* SearchScreen.swift */; };
		FD2789C8819E02C2659F908A /* Localizable.strings in Resources */ = {isa = PBXBuildFile; fileRef = EEF0AB85CD6A0A4C891862E7 /* Localizable.strings */; };
/* End PBXBuildFile section */

/* Begin PBXContainerItemProxy section */
		10161015C8B54326A15CDD3D /* PBXContainerItemProxy */ = {
			isa = PBXContainerItemProxy;
			containerPortal = B63DBA9E515F4B9E4A33BDE5 /* Project object */;
			proxyType = 1;
			remoteGlobalIDString = 2451F16F9B1809433C4C6CB9;
			remoteInfo = FeedFlowShare;
		};
		27D3E27B7D73602229A56356 /* PBXContainerItemProxy */ = {
			isa = PBXContainerItemProxy;
			containerPortal = B63DBA9E515F4B9E4A33BDE5 /* Project object */;
			proxyType = 1;
			remoteGlobalIDString = 84EB985D564673ECB604D5BB;
			remoteInfo = FeedFlow;
		};
		283ED53CD7F071BA95D398A6 /* PBXContainerItemProxy */ = {
			isa = PBXContainerItemProxy;
			containerPortal = B63DBA9E515F4B9E4A33BDE5 /* Project object */;
			proxyType = 1;
			remoteGlobalIDString = 1D92D1D46D6ABF61FC624451;
			remoteInfo = FeedFlowAgent;
		};
		DF4D3BD3CF67DFF8F7A15972 /* PBXContainerItemProxy */ = {
			isa = PBXContainerItemProxy;
			containerPortal = B63DBA9E515F4B9E4A33BDE5 /* Project object */;
			proxyType = 1;
			remoteGlobalIDString = 26A64B457799ABFBCCE4E490;
			remoteInfo = FeedFlowBrowserWorker;
		};
/* End PBXContainerItemProxy section */

/* Begin PBXCopyFilesBuildPhase section */
		1DF3EFD88ED4D68AF33D8A67 /* Embed Foundation Extensions */ = {
			isa = PBXCopyFilesBuildPhase;
			buildActionMask = 2147483647;
			dstPath = "";
			dstSubfolderSpec = 13;
			files = (
				7FA3FBA330B9278BE98D0B4B /* FeedFlowShare.appex in Embed Foundation Extensions */,
			);
			name = "Embed Foundation Extensions";
			runOnlyForDeploymentPostprocessing = 0;
		};
		89C04B8B0F8C1A9DE05C1620 /* Embed Dependencies */ = {
			isa = PBXCopyFilesBuildPhase;
			buildActionMask = 2147483647;
			dstPath = Contents/Library/LoginItems;
			dstSubfolderSpec = 1;
			files = (
				601FF736EF59AF36EABE8EEC /* FeedFlowAgent.app in Embed Dependencies */,
				D9D6E5223DC4181C4934B6F4 /* FeedFlowBrowserWorker.app in Embed Dependencies */,
			);
			name = "Embed Dependencies";
			runOnlyForDeploymentPostprocessing = 0;
		};
/* End PBXCopyFilesBuildPhase section */

/* Begin PBXFileReference section */
		2DCBA6F6595BB4BFAEFB91C1 /* BrowserWorkerMain.swift */ = {isa = PBXFileReference; lastKnownFileType = sourcecode.swift; path = BrowserWorkerMain.swift; sourceTree = "<group>"; };
		39742223E15387A2662FAACF /* TodayView.swift */ = {isa = PBXFileReference; lastKnownFileType = sourcecode.swift; path = TodayView.swift; sourceTree = "<group>"; };
		3A9330203041877BF8BD82F2 /* SettingsView.swift */ = {isa = PBXFileReference; lastKnownFileType = sourcecode.swift; path = SettingsView.swift; sourceTree = "<group>"; };
		43A9035A86DCADA93138BACC /* RootView.swift */ = {isa = PBXFileReference; lastKnownFileType = sourcecode.swift; path = RootView.swift; sourceTree = "<group>"; };
		46548CEF3DCFDEE2431AF7D7 /* zh-Hans */ = {isa = PBXFileReference; lastKnownFileType = text.plist.strings; name = "zh-Hans"; path = "zh-Hans.lproj/Localizable.strings"; sourceTree = "<group>"; };
		4839F3A11D9569836D46C3A7 /* FeedFlowAgent.app */ = {isa = PBXFileReference; explicitFileType = wrapper.application; includeInIndex = 0; path = FeedFlowAgent.app; sourceTree = BUILT_PRODUCTS_DIR; };
		57BE4D721DF7974A8B38F55B /* FeedFlowUITests.swift */ = {isa = PBXFileReference; lastKnownFileType = sourcecode.swift; path = FeedFlowUITests.swift; sourceTree = "<group>"; };
		5C2A8B6117EAACEB36245900 /* FeedFlowApp.swift */ = {isa = PBXFileReference; lastKnownFileType = sourcecode.swift; path = FeedFlowApp.swift; sourceTree = "<group>"; };
		7F44EF234E7C794CB06C39A2 /* FeedFlowUITests.xctest */ = {isa = PBXFileReference; explicitFileType = wrapper.cfbundle; includeInIndex = 0; path = FeedFlowUITests.xctest; sourceTree = BUILT_PRODUCTS_DIR; };
		890723AC38615F25A877AB04 /* FeedFlowShare.appex */ = {isa = PBXFileReference; explicitFileType = "wrapper.app-extension"; includeInIndex = 0; path = FeedFlowShare.appex; sourceTree = BUILT_PRODUCTS_DIR; };
		943647581B12265F98705F66 /* SearchScreen.swift */ = {isa = PBXFileReference; lastKnownFileType = sourcecode.swift; path = SearchScreen.swift; sourceTree = "<group>"; };
		A14C2FCAC4600616F4F9D196 /* ShareExtensionHandler.swift */ = {isa = PBXFileReference; lastKnownFileType = sourcecode.swift; path = ShareExtensionHandler.swift; sourceTree = "<group>"; };
		AFACB4668B8F769EB45EC020 /* en */ = {isa = PBXFileReference; lastKnownFileType = text.plist.strings; name = en; path = en.lproj/Localizable.strings; sourceTree = "<group>"; };
		B61B460DD92BA97402AD43BA /* FeedFlow.app */ = {isa = PBXFileReference; explicitFileType = wrapper.application; includeInIndex = 0; path = FeedFlow.app; sourceTree = BUILT_PRODUCTS_DIR; };
		C1058264FBD565C7B5B0FD2E /* EventDetailView.swift */ = {isa = PBXFileReference; lastKnownFileType = sourcecode.swift; path = EventDetailView.swift; sourceTree = "<group>"; };
		C23B1B15D515C3A91B53DA15 /* FlowView.swift */ = {isa = PBXFileReference; lastKnownFileType = sourcecode.swift; path = FlowView.swift; sourceTree = "<group>"; };
		D79F900795A54E34CC993FA9 /* LibraryViews.swift */ = {isa = PBXFileReference; lastKnownFileType = sourcecode.swift; path = LibraryViews.swift; sourceTree = "<group>"; };
		DB0CBDD5F232F59C98600AA2 /* AgentMain.swift */ = {isa = PBXFileReference; lastKnownFileType = sourcecode.swift; path = AgentMain.swift; sourceTree = "<group>"; };
		E2E7BCB2CD3052235E3A4536 /* FeedFlowKit */ = {isa = PBXFileReference; lastKnownFileType = folder; name = FeedFlowKit; path = Packages/FeedFlowKit; sourceTree = SOURCE_ROOT; };
		FF2CCA0F0CAE91F9253BDE34 /* FeedFlowBrowserWorker.app */ = {isa = PBXFileReference; explicitFileType = wrapper.application; includeInIndex = 0; path = FeedFlowBrowserWorker.app; sourceTree = BUILT_PRODUCTS_DIR; };
/* End PBXFileReference section */

/* Begin PBXFrameworksBuildPhase section */
		413FFAED369FB2659311DFA9 /* Frameworks */ = {
			isa = PBXFrameworksBuildPhase;
			buildActionMask = 2147483647;
			files = (
				D79583324E9D9391FA00F197 /* FeedFlowStorage in Frameworks */,
				5498850CC3EA972406B66F5F /* FeedFlowIngestion in Frameworks */,
				B29C82FCC96B42E2966B32CA /* FeedFlowIntelligence in Frameworks */,
				C9F24807332D026F97866522 /* FeedFlowSearch in Frameworks */,
				EFDD5B6E604DE02D4A1612D3 /* FeedFlowRanking in Frameworks */,
				936B01D900BF33BB970D5941 /* FeedFlowIPC in Frameworks */,
				F72BB4D4695E1AF89A8F81F9 /* FeedFlowBrowser in Frameworks */,
				DB77F99598373600AD909CDE /* FeedFlowConnectors in Frameworks */,
			);
			runOnlyForDeploymentPostprocessing = 0;
		};
		6F73148DE1250F1745D52607 /* Frameworks */ = {
			isa = PBXFrameworksBuildPhase;
			buildActionMask = 2147483647;
			files = (
				A6790E11DBA1BE279A12330A /* FeedFlowDomain in Frameworks */,
				CB70977320D7664C14352072 /* FeedFlowStorage in Frameworks */,
				65F5950A728CA8F233DB08C2 /* FeedFlowModels in Frameworks */,
				B704B7D0A3C1C28AFB59163C /* FeedFlowDesignSystem in Frameworks */,
				B6485FDEB18A3A5958E94D06 /* FeedFlowReader in Frameworks */,
				3E13540484CAF67B1CA9A4AA /* FeedFlowRanking in Frameworks */,
				90A1299D41AE137EE0B21260 /* FeedFlowConnectors in Frameworks */,
				85F68003DB00C8829B6832B7 /* FeedFlowBrowser in Frameworks */,
				07ED5DC1A2972B4A4F7FCBF1 /* FeedFlowIngestion in Frameworks */,
				B67490D6C1B8D983ECF82E1C /* FeedFlowIntelligence in Frameworks */,
				0B36AD0A27AFDCAB3EF8E327 /* FeedFlowSearch in Frameworks */,
				CBA9960C315068DB7EE62909 /* FeedFlowIPC in Frameworks */,
				BFD4DCBFC8AA109867A33D18 /* Sparkle in Frameworks */,
			);
			runOnlyForDeploymentPostprocessing = 0;
		};
		7BD6EB5C9BE3BD51D6C80FB5 /* Frameworks */ = {
			isa = PBXFrameworksBuildPhase;
			buildActionMask = 2147483647;
			files = (
				1576B8E49BD29039760587DD /* FeedFlowDomain in Frameworks */,
			);
			runOnlyForDeploymentPostprocessing = 0;
		};
		8D1ADC61A691FBAA969F283D /* Frameworks */ = {
			isa = PBXFrameworksBuildPhase;
			buildActionMask = 2147483647;
			files = (
				4E42DC5045FA1C16276F5DF4 /* FeedFlowBrowser in Frameworks */,
				F03B11637920C1807FC7DF61 /* FeedFlowIPC in Frameworks */,
				36A05EB6821D9EC9AE007662 /* FeedFlowConnectors in Frameworks */,
			);
			runOnlyForDeploymentPostprocessing = 0;
		};
/* End PBXFrameworksBuildPhase section */

/* Begin PBXGroup section */
		019677E38E4A8DD5D98643D2 /* FeedFlowUITests */ = {
			isa = PBXGroup;
			children = (
				57BE4D721DF7974A8B38F55B /* FeedFlowUITests.swift */,
			);
			path = FeedFlowUITests;
			sourceTree = "<group>";
		};
		1E451FF9CD4319BCA135AEBF /* Packages */ = {
			isa = PBXGroup;
			children = (
				E2E7BCB2CD3052235E3A4536 /* FeedFlowKit */,
			);
			path = Packages;
			sourceTree = "<group>";
		};
		2F2DE197DBB77F3D06EEB98A = {
			isa = PBXGroup;
			children = (
				B39D48466EC23118E4A9C6B2 /* Apps */,
				1E451FF9CD4319BCA135AEBF /* Packages */,
				CE67964922FCD0339FBD721F /* Tests */,
				BC2960BC3752F68528047EDC /* Products */,
			);
			sourceTree = "<group>";
		};
		3E473F34F22D34C4974E7794 /* FeedFlowBrowserWorker */ = {
			isa = PBXGroup;
			children = (
				2DCBA6F6595BB4BFAEFB91C1 /* BrowserWorkerMain.swift */,
			);
			path = FeedFlowBrowserWorker;
			sourceTree = "<group>";
		};
		413CE9C839B5B2291BDD0AC7 /* FeedFlowShare */ = {
			isa = PBXGroup;
			children = (
				A14C2FCAC4600616F4F9D196 /* ShareExtensionHandler.swift */,
			);
			path = FeedFlowShare;
			sourceTree = "<group>";
		};
		7D862B78A3004A84218227BD /* Resources */ = {
			isa = PBXGroup;
			children = (
				EEF0AB85CD6A0A4C891862E7 /* Localizable.strings */,
			);
			path = Resources;
			sourceTree = "<group>";
		};
		B39D48466EC23118E4A9C6B2 /* Apps */ = {
			isa = PBXGroup;
			children = (
				FDD0FEDE6ADC4C5B6F69BAC0 /* FeedFlow */,
				B94EAD7FFE0AC664D3330614 /* FeedFlowAgent */,
				3E473F34F22D34C4974E7794 /* FeedFlowBrowserWorker */,
				413CE9C839B5B2291BDD0AC7 /* FeedFlowShare */,
			);
			path = Apps;
			sourceTree = "<group>";
		};
		B94EAD7FFE0AC664D3330614 /* FeedFlowAgent */ = {
			isa = PBXGroup;
			children = (
				DB0CBDD5F232F59C98600AA2 /* AgentMain.swift */,
			);
			path = FeedFlowAgent;
			sourceTree = "<group>";
		};
		BC2960BC3752F68528047EDC /* Products */ = {
			isa = PBXGroup;
			children = (
				B61B460DD92BA97402AD43BA /* FeedFlow.app */,
				4839F3A11D9569836D46C3A7 /* FeedFlowAgent.app */,
				FF2CCA0F0CAE91F9253BDE34 /* FeedFlowBrowserWorker.app */,
				890723AC38615F25A877AB04 /* FeedFlowShare.appex */,
				7F44EF234E7C794CB06C39A2 /* FeedFlowUITests.xctest */,
			);
			name = Products;
			sourceTree = "<group>";
		};
		CE67964922FCD0339FBD721F /* Tests */ = {
			isa = PBXGroup;
			children = (
				019677E38E4A8DD5D98643D2 /* FeedFlowUITests */,
			);
			path = Tests;
			sourceTree = "<group>";
		};
		FDD0FEDE6ADC4C5B6F69BAC0 /* FeedFlow */ = {
			isa = PBXGroup;
			children = (
				7D862B78A3004A84218227BD /* Resources */,
				C1058264FBD565C7B5B0FD2E /* EventDetailView.swift */,
				5C2A8B6117EAACEB36245900 /* FeedFlowApp.swift */,
				C23B1B15D515C3A91B53DA15 /* FlowView.swift */,
				D79F900795A54E34CC993FA9 /* LibraryViews.swift */,
				43A9035A86DCADA93138BACC /* RootView.swift */,
				943647581B12265F98705F66 /* SearchScreen.swift */,
				3A9330203041877BF8BD82F2 /* SettingsView.swift */,
				39742223E15387A2662FAACF /* TodayView.swift */,
			);
			path = FeedFlow;
			sourceTree = "<group>";
		};
/* End PBXGroup section */

/* Begin PBXNativeTarget section */
		16F113FE1B03E763500140AF /* FeedFlowUITests */ = {
			isa = PBXNativeTarget;
			buildConfigurationList = 5FE583A82FA8767952D8CBCD /* Build configuration list for PBXNativeTarget "FeedFlowUITests" */;
			buildPhases = (
				EEB644B6B5CBE87D899E3C18 /* Sources */,
			);
			buildRules = (
			);
			dependencies = (
				4239E431B4828E75DAA3C1ED /* PBXTargetDependency */,
			);
			name = FeedFlowUITests;
			packageProductDependencies = (
			);
			productName = FeedFlowUITests;
			productReference = 7F44EF234E7C794CB06C39A2 /* FeedFlowUITests.xctest */;
			productType = "com.apple.product-type.bundle.ui-testing";
		};
		1D92D1D46D6ABF61FC624451 /* FeedFlowAgent */ = {
			isa = PBXNativeTarget;
			buildConfigurationList = 81207E62B384B274DF4D2FFC /* Build configuration list for PBXNativeTarget "FeedFlowAgent" */;
			buildPhases = (
				F393791CD911F960FA756D89 /* Xcode Header-Only NumKong Shim */,
				484410155A1F6112A93CCDEB /* Sources */,
				413FFAED369FB2659311DFA9 /* Frameworks */,
			);
			buildRules = (
			);
			dependencies = (
			);
			name = FeedFlowAgent;
			packageProductDependencies = (
				2517BCED41089106118883AE /* FeedFlowStorage */,
				0DF7C575E8E5A634A3BFB736 /* FeedFlowIngestion */,
				AD46206C89EEB41641EF9235 /* FeedFlowIntelligence */,
				509E8F75B363A3B1113B8DEA /* FeedFlowSearch */,
				64A31C675586B2ECEA5AADFE /* FeedFlowRanking */,
				456B9C9229765911ED641D7C /* FeedFlowIPC */,
				70D62D19E373FFF05EBDABBC /* FeedFlowBrowser */,
				EC901959C67988C8A8844BCB /* FeedFlowConnectors */,
			);
			productName = FeedFlowAgent;
			productReference = 4839F3A11D9569836D46C3A7 /* FeedFlowAgent.app */;
			productType = "com.apple.product-type.application";
		};
		2451F16F9B1809433C4C6CB9 /* FeedFlowShare */ = {
			isa = PBXNativeTarget;
			buildConfigurationList = 57894AE6121310C21CDEB4F8 /* Build configuration list for PBXNativeTarget "FeedFlowShare" */;
			buildPhases = (
				22DCD63D38012B62DB712CAF /* Sources */,
				7BD6EB5C9BE3BD51D6C80FB5 /* Frameworks */,
			);
			buildRules = (
			);
			dependencies = (
			);
			name = FeedFlowShare;
			packageProductDependencies = (
				4F58F797FCF0812A5575C2D3 /* FeedFlowDomain */,
			);
			productName = FeedFlowShare;
			productReference = 890723AC38615F25A877AB04 /* FeedFlowShare.appex */;
			productType = "com.apple.product-type.app-extension";
		};
		26A64B457799ABFBCCE4E490 /* FeedFlowBrowserWorker */ = {
			isa = PBXNativeTarget;
			buildConfigurationList = 23FB1A3D6EA7ABDC100C07EE /* Build configuration list for PBXNativeTarget "FeedFlowBrowserWorker" */;
			buildPhases = (
				2A93A8234ACB744E41D8B618 /* Sources */,
				8D1ADC61A691FBAA969F283D /* Frameworks */,
			);
			buildRules = (
			);
			dependencies = (
			);
			name = FeedFlowBrowserWorker;
			packageProductDependencies = (
				D09F43AE760EE4FF03252D61 /* FeedFlowBrowser */,
				3D764C961B7ADECC79C36752 /* FeedFlowIPC */,
				4ECA83DE800A876354B1694E /* FeedFlowConnectors */,
			);
			productName = FeedFlowBrowserWorker;
			productReference = FF2CCA0F0CAE91F9253BDE34 /* FeedFlowBrowserWorker.app */;
			productType = "com.apple.product-type.application";
		};
		84EB985D564673ECB604D5BB /* FeedFlow */ = {
			isa = PBXNativeTarget;
			buildConfigurationList = 673EEDBCF26161F8F7CD9C60 /* Build configuration list for PBXNativeTarget "FeedFlow" */;
			buildPhases = (
				25C6C44A1E352EBF2ABE1807 /* Sources */,
				C4FC6EB0196C12AD19C6A350 /* Resources */,
				6F73148DE1250F1745D52607 /* Frameworks */,
				1DF3EFD88ED4D68AF33D8A67 /* Embed Foundation Extensions */,
				89C04B8B0F8C1A9DE05C1620 /* Embed Dependencies */,
				71B1F7DD6C32BD8F2898A249 /* Embed SMAppService LaunchAgents */,
			);
			buildRules = (
			);
			dependencies = (
				79D65248E6F8C98F212E16B1 /* PBXTargetDependency */,
				BB049AF861042F01B6D4C6C1 /* PBXTargetDependency */,
				5F7AEB249ABF63A58E3D746B /* PBXTargetDependency */,
			);
			name = FeedFlow;
			packageProductDependencies = (
				7B34A26B9147386E0DD524DD /* FeedFlowDomain */,
				FBDD31B8BFAC4424D8B5DE90 /* FeedFlowStorage */,
				67CEF6987C2ED699F7DE2F45 /* FeedFlowModels */,
				18D19F67D60BF7F7962D4ECE /* FeedFlowDesignSystem */,
				AE2EA40F1226882D41D865A4 /* FeedFlowReader */,
				A7B42273B716CECDF9B9764B /* FeedFlowRanking */,
				D3129813C07251107924940F /* FeedFlowConnectors */,
				D5F65EBF951457ED4F243FE4 /* FeedFlowBrowser */,
				7147435FC23898A9C97B67A7 /* FeedFlowIngestion */,
				9449DF985740F39D06C7CA43 /* FeedFlowIntelligence */,
				D4B9471F056F9AFD502EABEB /* FeedFlowSearch */,
				DFC543AD9EC0C1CE66A15E7A /* FeedFlowIPC */,
				F61F3CBC1EC630D8F1353D6F /* Sparkle */,
			);
			productName = FeedFlow;
			productReference = B61B460DD92BA97402AD43BA /* FeedFlow.app */;
			productType = "com.apple.product-type.application";
		};
/* End PBXNativeTarget section */

/* Begin PBXProject section */
		B63DBA9E515F4B9E4A33BDE5 /* Project object */ = {
			isa = PBXProject;
			attributes = {
				BuildIndependentTargetsInParallel = YES;
				LastUpgradeCheck = 1430;
				TargetAttributes = {
					16F113FE1B03E763500140AF = {
						DevelopmentTeam = "";
						ProvisioningStyle = Automatic;
						TestTargetID = 84EB985D564673ECB604D5BB;
					};
					1D92D1D46D6ABF61FC624451 = {
						DevelopmentTeam = "";
						ProvisioningStyle = Automatic;
					};
					2451F16F9B1809433C4C6CB9 = {
						DevelopmentTeam = "";
						ProvisioningStyle = Automatic;
					};
					26A64B457799ABFBCCE4E490 = {
						DevelopmentTeam = "";
						ProvisioningStyle = Automatic;
					};
					84EB985D564673ECB604D5BB = {
						DevelopmentTeam = "";
						ProvisioningStyle = Automatic;
					};
				};
			};
			buildConfigurationList = 120B7DC575744364C837CAF4 /* Build configuration list for PBXProject "FeedFlow" */;
			developmentRegion = en;
			hasScannedForEncodings = 0;
			knownRegions = (
				Base,
				en,
				"zh-Hans",
			);
			mainGroup = 2F2DE197DBB77F3D06EEB98A;
			minimizedProjectReferenceProxies = 1;
			packageReferences = (
				05C6A8B8BCAFAFD6C5F076F2 /* XCRemoteSwiftPackageReference "Sparkle" */,
				B08FF9F24120F31A898F7DF4 /* XCLocalSwiftPackageReference "Packages/FeedFlowKit" */,
			);
			preferredProjectObjectVersion = 77;
			productRefGroup = BC2960BC3752F68528047EDC /* Products */;
			projectDirPath = "";
			projectRoot = "";
			targets = (
				84EB985D564673ECB604D5BB /* FeedFlow */,
				1D92D1D46D6ABF61FC624451 /* FeedFlowAgent */,
				26A64B457799ABFBCCE4E490 /* FeedFlowBrowserWorker */,
				2451F16F9B1809433C4C6CB9 /* FeedFlowShare */,
				16F113FE1B03E763500140AF /* FeedFlowUITests */,
			);
		};
/* End PBXProject section */

/* Begin PBXResourcesBuildPhase section */
		C4FC6EB0196C12AD19C6A350 /* Resources */ = {
			isa = PBXResourcesBuildPhase;
			buildActionMask = 2147483647;
			files = (
				FD2789C8819E02C2659F908A /* Localizable.strings in Resources */,
			);
			runOnlyForDeploymentPostprocessing = 0;
		};
/* End PBXResourcesBuildPhase section */

/* Begin PBXShellScriptBuildPhase section */
		71B1F7DD6C32BD8F2898A249 /* Embed SMAppService LaunchAgents */ = {
			isa = PBXShellScriptBuildPhase;
			buildActionMask = 2147483647;
			files = (
			);
			inputFileListPaths = (
			);
			inputPaths = (
				"$(SRCROOT)/Config/LaunchAgents/com.chonghanqin.feedflow.agent.plist",
				"$(SRCROOT)/Config/LaunchAgents/com.chonghanqin.feedflow.browser.plist",
			);
			name = "Embed SMAppService LaunchAgents";
			outputFileListPaths = (
			);
			outputPaths = (
				"$(TARGET_BUILD_DIR)/$(WRAPPER_NAME)/Contents/Library/LaunchAgents/com.chonghanqin.feedflow.agent.plist",
				"$(TARGET_BUILD_DIR)/$(WRAPPER_NAME)/Contents/Library/LaunchAgents/com.chonghanqin.feedflow.browser.plist",
			);
			runOnlyForDeploymentPostprocessing = 0;
			shellPath = /bin/sh;
			shellScript = "destination=\"$TARGET_BUILD_DIR/$WRAPPER_NAME/Contents/Library/LaunchAgents\"\nmkdir -p \"$destination\"\ncp \"$SRCROOT/Config/LaunchAgents/com.chonghanqin.feedflow.agent.plist\" \"$destination/com.chonghanqin.feedflow.agent.plist\"\ncp \"$SRCROOT/Config/LaunchAgents/com.chonghanqin.feedflow.browser.plist\" \"$destination/com.chonghanqin.feedflow.browser.plist\"\n";
		};
		F393791CD911F960FA756D89 /* Xcode Header-Only NumKong Shim */ = {
			isa = PBXShellScriptBuildPhase;
			alwaysOutOfDate = 1;
			buildActionMask = 2147483647;
			files = (
			);
			inputFileListPaths = (
			);
			inputPaths = (
			);
			name = "Xcode Header-Only NumKong Shim";
			outputFileListPaths = (
			);
			outputPaths = (
				"$(BUILT_PRODUCTS_DIR)/CNumKong.o",
			);
			runOnlyForDeploymentPostprocessing = 0;
			shellPath = /bin/sh;
			shellScript = "mkdir -p \"$BUILT_PRODUCTS_DIR\"\nif [[ ! -f \"$BUILT_PRODUCTS_DIR/CNumKong.o\" ]]; then\n  xcrun clang -c \"$SRCROOT/BuildSupport/CNumKongShim.c\" -o \"$BUILT_PRODUCTS_DIR/CNumKong.o\"\nfi\n";
		};
/* End PBXShellScriptBuildPhase section */

/* Begin PBXSourcesBuildPhase section */
		22DCD63D38012B62DB712CAF /* Sources */ = {
			isa = PBXSourcesBuildPhase;
			buildActionMask = 2147483647;
			files = (
				3B966B0178ACDFA39B24A2D6 /* ShareExtensionHandler.swift in Sources */,
			);
			runOnlyForDeploymentPostprocessing = 0;
		};
		25C6C44A1E352EBF2ABE1807 /* Sources */ = {
			isa = PBXSourcesBuildPhase;
			buildActionMask = 2147483647;
			files = (
				4E2231AE4FC863EF4A0C8D5A /* EventDetailView.swift in Sources */,
				82D419B006EFC9C7FBAAF3C0 /* FeedFlowApp.swift in Sources */,
				85969344C0770FE390BD0213 /* FlowView.swift in Sources */,
				C29E8C507357A0438F46D625 /* LibraryViews.swift in Sources */,
				1A8639ED84C3FC9D3B466A38 /* RootView.swift in Sources */,
				F85BC10C82569C96FFB89A2C /* SearchScreen.swift in Sources */,
				811FF5FB75887B9C4D189948 /* SettingsView.swift in Sources */,
				5A6443E2C0491A36ED34E0AA /* TodayView.swift in Sources */,
			);
			runOnlyForDeploymentPostprocessing = 0;
		};
		2A93A8234ACB744E41D8B618 /* Sources */ = {
			isa = PBXSourcesBuildPhase;
			buildActionMask = 2147483647;
			files = (
				0EEA6E66ABB20D1A003719F0 /* BrowserWorkerMain.swift in Sources */,
			);
			runOnlyForDeploymentPostprocessing = 0;
		};
		484410155A1F6112A93CCDEB /* Sources */ = {
			isa = PBXSourcesBuildPhase;
			buildActionMask = 2147483647;
			files = (
				9509A3620831CA9FFD769C7E /* AgentMain.swift in Sources */,
			);
			runOnlyForDeploymentPostprocessing = 0;
		};
		EEB644B6B5CBE87D899E3C18 /* Sources */ = {
			isa = PBXSourcesBuildPhase;
			buildActionMask = 2147483647;
			files = (
				26883F49A6BE2E41C06F167E /* FeedFlowUITests.swift in Sources */,
			);
			runOnlyForDeploymentPostprocessing = 0;
		};
/* End PBXSourcesBuildPhase section */

/* Begin PBXTargetDependency section */
		4239E431B4828E75DAA3C1ED /* PBXTargetDependency */ = {
			isa = PBXTargetDependency;
			target = 84EB985D564673ECB604D5BB /* FeedFlow */;
			targetProxy = 27D3E27B7D73602229A56356 /* PBXContainerItemProxy */;
		};
		5F7AEB249ABF63A58E3D746B /* PBXTargetDependency */ = {
			isa = PBXTargetDependency;
			target = 26A64B457799ABFBCCE4E490 /* FeedFlowBrowserWorker */;
			targetProxy = DF4D3BD3CF67DFF8F7A15972 /* PBXContainerItemProxy */;
		};
		79D65248E6F8C98F212E16B1 /* PBXTargetDependency */ = {
			isa = PBXTargetDependency;
			target = 2451F16F9B1809433C4C6CB9 /* FeedFlowShare */;
			targetProxy = 10161015C8B54326A15CDD3D /* PBXContainerItemProxy */;
		};
		BB049AF861042F01B6D4C6C1 /* PBXTargetDependency */ = {
			isa = PBXTargetDependency;
			target = 1D92D1D46D6ABF61FC624451 /* FeedFlowAgent */;
			targetProxy = 283ED53CD7F071BA95D398A6 /* PBXContainerItemProxy */;
		};
/* End PBXTargetDependency section */

/* Begin PBXVariantGroup section */
		EEF0AB85CD6A0A4C891862E7 /* Localizable.strings */ = {
			isa = PBXVariantGroup;
			children = (
				AFACB4668B8F769EB45EC020 /* en */,
				46548CEF3DCFDEE2431AF7D7 /* zh-Hans */,
			);
			name = Localizable.strings;
			sourceTree = "<group>";
		};
/* End PBXVariantGroup section */

/* Begin XCBuildConfiguration section */
		0006ED167FA3F670651B3BD3 /* Debug */ = {
			isa = XCBuildConfiguration;
			buildSettings = {
				BUNDLE_LOADER = "$(TEST_HOST)";
				COMBINE_HIDPI_IMAGES = YES;
				GENERATE_INFOPLIST_FILE = YES;
				LD_RUNPATH_SEARCH_PATHS = (
					"$(inherited)",
					"@executable_path/Frameworks",
					"@loader_path/Frameworks",
				);
				PRODUCT_BUNDLE_IDENTIFIER = com.chonghanqin.FeedFlowUITests;
				SDKROOT = macosx;
				TEST_TARGET_NAME = FeedFlow;
			};
			name = Debug;
		};
		06B9E3195E8AFE869D01F4A9 /* Debug */ = {
			isa = XCBuildConfiguration;
			buildSettings = {
				ASSETCATALOG_COMPILER_APPICON_NAME = AppIcon;
				CODE_SIGN_ENTITLEMENTS = Config/Entitlements/FeedFlowBrowserWorker.developerid.entitlements;
				COMBINE_HIDPI_IMAGES = YES;
				INFOPLIST_FILE = "Config/Info/FeedFlowBrowserWorker-Info.plist";
				LD_RUNPATH_SEARCH_PATHS = (
					"$(inherited)",
					"@executable_path/../Frameworks",
				);
				PRODUCT_BUNDLE_IDENTIFIER = com.chonghanqin.feedflow.browser;
				PRODUCT_NAME = FeedFlowBrowserWorker;
				SDKROOT = macosx;
			};
			name = Debug;
		};
		169D6B0CE82243B56D73A7BC /* Debug */ = {
			isa = XCBuildConfiguration;
			buildSettings = {
				ASSETCATALOG_COMPILER_APPICON_NAME = AppIcon;
				CODE_SIGN_ENTITLEMENTS = Config/Entitlements/FeedFlowAgent.developerid.entitlements;
				COMBINE_HIDPI_IMAGES = YES;
				INFOPLIST_FILE = "Config/Info/FeedFlowAgent-Info.plist";
				LD_RUNPATH_SEARCH_PATHS = (
					"$(inherited)",
					"@executable_path/../Frameworks",
				);
				PRODUCT_BUNDLE_IDENTIFIER = com.chonghanqin.feedflow.agent;
				PRODUCT_NAME = FeedFlowAgent;
				SDKROOT = macosx;
			};
			name = Debug;
		};
		1F47D0BDE9D53DC86A457933 /* Release */ = {
			isa = XCBuildConfiguration;
			buildSettings = {
				ASSETCATALOG_COMPILER_APPICON_NAME = AppIcon;
				CODE_SIGN_ENTITLEMENTS = Config/Entitlements/FeedFlowAgent.developerid.entitlements;
				COMBINE_HIDPI_IMAGES = YES;
				INFOPLIST_FILE = "Config/Info/FeedFlowAgent-Info.plist";
				LD_RUNPATH_SEARCH_PATHS = (
					"$(inherited)",
					"@executable_path/../Frameworks",
				);
				PRODUCT_BUNDLE_IDENTIFIER = com.chonghanqin.feedflow.agent;
				PRODUCT_NAME = FeedFlowAgent;
				SDKROOT = macosx;
			};
			name = Release;
		};
		29591EEF42E6F8FF5F6CEC75 /* Release */ = {
			isa = XCBuildConfiguration;
			buildSettings = {
				CODE_SIGN_ENTITLEMENTS = Config/Entitlements/FeedFlowShare.entitlements;
				COMBINE_HIDPI_IMAGES = YES;
				INFOPLIST_FILE = "Config/Info/FeedFlowShare-Info.plist";
				LD_RUNPATH_SEARCH_PATHS = (
					"$(inherited)",
					"@executable_path/../Frameworks",
					"@executable_path/../../../../Frameworks",
				);
				PRODUCT_BUNDLE_IDENTIFIER = com.chonghanqin.feedflow.share;
				PRODUCT_NAME = FeedFlowShare;
				SDKROOT = macosx;
			};
			name = Release;
		};
		3285495BF2FBA938A52D6A5F /* Debug */ = {
			isa = XCBuildConfiguration;
			buildSettings = {
				CODE_SIGN_ENTITLEMENTS = Config/Entitlements/FeedFlowShare.entitlements;
				COMBINE_HIDPI_IMAGES = YES;
				INFOPLIST_FILE = "Config/Info/FeedFlowShare-Info.plist";
				LD_RUNPATH_SEARCH_PATHS = (
					"$(inherited)",
					"@executable_path/../Frameworks",
					"@executable_path/../../../../Frameworks",
				);
				PRODUCT_BUNDLE_IDENTIFIER = com.chonghanqin.feedflow.share;
				PRODUCT_NAME = FeedFlowShare;
				SDKROOT = macosx;
			};
			name = Debug;
		};
		470CE0776DD240F4C9D0EC29 /* Release */ = {
			isa = XCBuildConfiguration;
			buildSettings = {
				ASSETCATALOG_COMPILER_APPICON_NAME = AppIcon;
				CODE_SIGN_ENTITLEMENTS = Config/Entitlements/FeedFlow.developerid.entitlements;
				COMBINE_HIDPI_IMAGES = YES;
				FEEDFLOW_APPCAST_URL = "";
				FEEDFLOW_SPARKLE_PUBLIC_KEY = "";
				INFOPLIST_FILE = "Config/Info/FeedFlow-Info.plist";
				INFOPLIST_KEY_LSApplicationCategoryType = "public.app-category.news";
				LD_RUNPATH_SEARCH_PATHS = (
					"$(inherited)",
					"@executable_path/../Frameworks",
				);
				PRODUCT_BUNDLE_IDENTIFIER = com.chonghanqin.feedflow;
				PRODUCT_NAME = FeedFlow;
				SDKROOT = macosx;
			};
			name = Release;
		};
		5F2D3397FF87CC965C1EA378 /* Sandbox */ = {
			isa = XCBuildConfiguration;
			buildSettings = {
				ALWAYS_SEARCH_USER_PATHS = NO;
				ARCHS = arm64;
				CLANG_ANALYZER_NONNULL = YES;
				CLANG_ANALYZER_NUMBER_OBJECT_CONVERSION = YES_AGGRESSIVE;
				CLANG_CXX_LANGUAGE_STANDARD = "gnu++14";
				CLANG_CXX_LIBRARY = "libc++";
				CLANG_ENABLE_MODULES = YES;
				CLANG_ENABLE_OBJC_ARC = YES;
				CLANG_ENABLE_OBJC_WEAK = YES;
				CLANG_WARN_BLOCK_CAPTURE_AUTORELEASING = YES;
				CLANG_WARN_BOOL_CONVERSION = YES;
				CLANG_WARN_COMMA = YES;
				CLANG_WARN_CONSTANT_CONVERSION = YES;
				CLANG_WARN_DEPRECATED_OBJC_IMPLEMENTATIONS = YES;
				CLANG_WARN_DIRECT_OBJC_ISA_USAGE = YES_ERROR;
				CLANG_WARN_DOCUMENTATION_COMMENTS = YES;
				CLANG_WARN_EMPTY_BODY = YES;
				CLANG_WARN_ENUM_CONVERSION = YES;
				CLANG_WARN_INFINITE_RECURSION = YES;
				CLANG_WARN_INT_CONVERSION = YES;
				CLANG_WARN_NON_LITERAL_NULL_CONVERSION = YES;
				CLANG_WARN_OBJC_IMPLICIT_RETAIN_SELF = YES;
				CLANG_WARN_OBJC_LITERAL_CONVERSION = YES;
				CLANG_WARN_OBJC_ROOT_CLASS = YES_ERROR;
				CLANG_WARN_QUOTED_INCLUDE_IN_FRAMEWORK_HEADER = YES;
				CLANG_WARN_RANGE_LOOP_ANALYSIS = YES;
				CLANG_WARN_STRICT_PROTOTYPES = YES;
				CLANG_WARN_SUSPICIOUS_MOVE = YES;
				CLANG_WARN_UNGUARDED_AVAILABILITY = YES_AGGRESSIVE;
				CLANG_WARN_UNREACHABLE_CODE = YES;
				CLANG_WARN__DUPLICATE_METHOD_MATCH = YES;
				CODE_SIGN_STYLE = Automatic;
				COPY_PHASE_STRIP = NO;
				CURRENT_PROJECT_VERSION = 1;
				DEBUG_INFORMATION_FORMAT = dwarf;
				DEVELOPMENT_TEAM = "";
				ENABLE_HARDENED_RUNTIME = YES;
				ENABLE_STRICT_OBJC_MSGSEND = YES;
				ENABLE_TESTABILITY = YES;
				GCC_C_LANGUAGE_STANDARD = gnu11;
				GCC_DYNAMIC_NO_PIC = NO;
				GCC_NO_COMMON_BLOCKS = YES;
				GCC_OPTIMIZATION_LEVEL = 0;
				GCC_PREPROCESSOR_DEFINITIONS = (
					"$(inherited)",
					"DEBUG=1",
				);
				GCC_WARN_64_TO_32_BIT_CONVERSION = YES;
				GCC_WARN_ABOUT_RETURN_TYPE = YES_ERROR;
				GCC_WARN_UNDECLARED_SELECTOR = YES;
				GCC_WARN_UNINITIALIZED_AUTOS = YES_AGGRESSIVE;
				GCC_WARN_UNUSED_FUNCTION = YES;
				GCC_WARN_UNUSED_VARIABLE = YES;
				GENERATE_INFOPLIST_FILE = NO;
				MACOSX_DEPLOYMENT_TARGET = 15.0;
				MARKETING_VERSION = 0.1.0;
				MTL_ENABLE_DEBUG_INFO = INCLUDE_SOURCE;
				MTL_FAST_MATH = YES;
				ONLY_ACTIVE_ARCH = YES;
				PRODUCT_NAME = "$(TARGET_NAME)";
				SDKROOT = macosx;
				SWIFT_ACTIVE_COMPILATION_CONDITIONS = DEBUG;
				SWIFT_OPTIMIZATION_LEVEL = "-Onone";
				SWIFT_STRICT_CONCURRENCY = complete;
				SWIFT_VERSION = 6.0;
			};
			name = Sandbox;
		};
		67D2BD533C8E6834A35DDD74 /* Sandbox */ = {
			isa = XCBuildConfiguration;
			buildSettings = {
				CODE_SIGN_ENTITLEMENTS = Config/Entitlements/FeedFlowShare.entitlements;
				COMBINE_HIDPI_IMAGES = YES;
				INFOPLIST_FILE = "Config/Info/FeedFlowShare-Info.plist";
				LD_RUNPATH_SEARCH_PATHS = (
					"$(inherited)",
					"@executable_path/../Frameworks",
					"@executable_path/../../../../Frameworks",
				);
				PRODUCT_BUNDLE_IDENTIFIER = com.chonghanqin.feedflow.share;
				PRODUCT_NAME = FeedFlowShare;
				SDKROOT = macosx;
			};
			name = Sandbox;
		};
		6D9E90F9BD10E2BA4E307496 /* Release */ = {
			isa = XCBuildConfiguration;
			buildSettings = {
				ALWAYS_SEARCH_USER_PATHS = NO;
				ARCHS = arm64;
				CLANG_ANALYZER_NONNULL = YES;
				CLANG_ANALYZER_NUMBER_OBJECT_CONVERSION = YES_AGGRESSIVE;
				CLANG_CXX_LANGUAGE_STANDARD = "gnu++14";
				CLANG_CXX_LIBRARY = "libc++";
				CLANG_ENABLE_MODULES = YES;
				CLANG_ENABLE_OBJC_ARC = YES;
				CLANG_ENABLE_OBJC_WEAK = YES;
				CLANG_WARN_BLOCK_CAPTURE_AUTORELEASING = YES;
				CLANG_WARN_BOOL_CONVERSION = YES;
				CLANG_WARN_COMMA = YES;
				CLANG_WARN_CONSTANT_CONVERSION = YES;
				CLANG_WARN_DEPRECATED_OBJC_IMPLEMENTATIONS = YES;
				CLANG_WARN_DIRECT_OBJC_ISA_USAGE = YES_ERROR;
				CLANG_WARN_DOCUMENTATION_COMMENTS = YES;
				CLANG_WARN_EMPTY_BODY = YES;
				CLANG_WARN_ENUM_CONVERSION = YES;
				CLANG_WARN_INFINITE_RECURSION = YES;
				CLANG_WARN_INT_CONVERSION = YES;
				CLANG_WARN_NON_LITERAL_NULL_CONVERSION = YES;
				CLANG_WARN_OBJC_IMPLICIT_RETAIN_SELF = YES;
				CLANG_WARN_OBJC_LITERAL_CONVERSION = YES;
				CLANG_WARN_OBJC_ROOT_CLASS = YES_ERROR;
				CLANG_WARN_QUOTED_INCLUDE_IN_FRAMEWORK_HEADER = YES;
				CLANG_WARN_RANGE_LOOP_ANALYSIS = YES;
				CLANG_WARN_STRICT_PROTOTYPES = YES;
				CLANG_WARN_SUSPICIOUS_MOVE = YES;
				CLANG_WARN_UNGUARDED_AVAILABILITY = YES_AGGRESSIVE;
				CLANG_WARN_UNREACHABLE_CODE = YES;
				CLANG_WARN__DUPLICATE_METHOD_MATCH = YES;
				CODE_SIGN_STYLE = Automatic;
				COPY_PHASE_STRIP = NO;
				CURRENT_PROJECT_VERSION = 1;
				DEBUG_INFORMATION_FORMAT = "dwarf-with-dsym";
				DEVELOPMENT_TEAM = "";
				ENABLE_HARDENED_RUNTIME = YES;
				ENABLE_NS_ASSERTIONS = NO;
				ENABLE_STRICT_OBJC_MSGSEND = YES;
				GCC_C_LANGUAGE_STANDARD = gnu11;
				GCC_NO_COMMON_BLOCKS = YES;
				GCC_WARN_64_TO_32_BIT_CONVERSION = YES;
				GCC_WARN_ABOUT_RETURN_TYPE = YES_ERROR;
				GCC_WARN_UNDECLARED_SELECTOR = YES;
				GCC_WARN_UNINITIALIZED_AUTOS = YES_AGGRESSIVE;
				GCC_WARN_UNUSED_FUNCTION = YES;
				GCC_WARN_UNUSED_VARIABLE = YES;
				GENERATE_INFOPLIST_FILE = NO;
				MACOSX_DEPLOYMENT_TARGET = 15.0;
				MARKETING_VERSION = 0.1.0;
				MTL_ENABLE_DEBUG_INFO = NO;
				MTL_FAST_MATH = YES;
				ONLY_ACTIVE_ARCH = YES;
				PRODUCT_NAME = "$(TARGET_NAME)";
				SDKROOT = macosx;
				SWIFT_COMPILATION_MODE = wholemodule;
				SWIFT_OPTIMIZATION_LEVEL = "-O";
				SWIFT_STRICT_CONCURRENCY = complete;
				SWIFT_VERSION = 6.0;
				VALIDATE_PRODUCT = YES;
			};
			name = Release;
		};
		7B4B60EB2975993384F3DD49 /* Sandbox */ = {
			isa = XCBuildConfiguration;
			buildSettings = {
				ASSETCATALOG_COMPILER_APPICON_NAME = AppIcon;
				CODE_SIGN_ENTITLEMENTS = Config/Entitlements/FeedFlowBrowserWorker.sandbox.entitlements;
				COMBINE_HIDPI_IMAGES = YES;
				INFOPLIST_FILE = "Config/Info/FeedFlowBrowserWorker-Info.plist";
				LD_RUNPATH_SEARCH_PATHS = (
					"$(inherited)",
					"@executable_path/../Frameworks",
				);
				PRODUCT_BUNDLE_IDENTIFIER = com.chonghanqin.feedflow.browser;
				PRODUCT_NAME = FeedFlowBrowserWorker;
				SDKROOT = macosx;
			};
			name = Sandbox;
		};
		7EAAEF776BBD396819620876 /* Sandbox */ = {
			isa = XCBuildConfiguration;
			buildSettings = {
				ASSETCATALOG_COMPILER_APPICON_NAME = AppIcon;
				CODE_SIGN_ENTITLEMENTS = Config/Entitlements/FeedFlow.sandbox.entitlements;
				COMBINE_HIDPI_IMAGES = YES;
				FEEDFLOW_APPCAST_URL = "";
				FEEDFLOW_SPARKLE_PUBLIC_KEY = "";
				INFOPLIST_FILE = "Config/Info/FeedFlow-Info.plist";
				INFOPLIST_KEY_LSApplicationCategoryType = "public.app-category.news";
				LD_RUNPATH_SEARCH_PATHS = (
					"$(inherited)",
					"@executable_path/../Frameworks",
				);
				PRODUCT_BUNDLE_IDENTIFIER = com.chonghanqin.feedflow;
				PRODUCT_NAME = FeedFlow;
				SDKROOT = macosx;
			};
			name = Sandbox;
		};
		86BF186DAA39301FDCCBA272 /* Sandbox */ = {
			isa = XCBuildConfiguration;
			buildSettings = {
				ASSETCATALOG_COMPILER_APPICON_NAME = AppIcon;
				CODE_SIGN_ENTITLEMENTS = Config/Entitlements/FeedFlowAgent.sandbox.entitlements;
				COMBINE_HIDPI_IMAGES = YES;
				INFOPLIST_FILE = "Config/Info/FeedFlowAgent-Info.plist";
				LD_RUNPATH_SEARCH_PATHS = (
					"$(inherited)",
					"@executable_path/../Frameworks",
				);
				PRODUCT_BUNDLE_IDENTIFIER = com.chonghanqin.feedflow.agent;
				PRODUCT_NAME = FeedFlowAgent;
				SDKROOT = macosx;
			};
			name = Sandbox;
		};
		91024ECEF6882D94A892C66A /* Release */ = {
			isa = XCBuildConfiguration;
			buildSettings = {
				BUNDLE_LOADER = "$(TEST_HOST)";
				COMBINE_HIDPI_IMAGES = YES;
				GENERATE_INFOPLIST_FILE = YES;
				LD_RUNPATH_SEARCH_PATHS = (
					"$(inherited)",
					"@executable_path/Frameworks",
					"@loader_path/Frameworks",
				);
				PRODUCT_BUNDLE_IDENTIFIER = com.chonghanqin.FeedFlowUITests;
				SDKROOT = macosx;
				TEST_TARGET_NAME = FeedFlow;
			};
			name = Release;
		};
		A226ED6EBDADD19461AB3D94 /* Sandbox */ = {
			isa = XCBuildConfiguration;
			buildSettings = {
				BUNDLE_LOADER = "$(TEST_HOST)";
				COMBINE_HIDPI_IMAGES = YES;
				GENERATE_INFOPLIST_FILE = YES;
				LD_RUNPATH_SEARCH_PATHS = (
					"$(inherited)",
					"@executable_path/Frameworks",
					"@loader_path/Frameworks",
				);
				PRODUCT_BUNDLE_IDENTIFIER = com.chonghanqin.FeedFlowUITests;
				SDKROOT = macosx;
				TEST_TARGET_NAME = FeedFlow;
			};
			name = Sandbox;
		};
		AC182DC13CF820FB8F8A850A /* Release */ = {
			isa = XCBuildConfiguration;
			buildSettings = {
				ASSETCATALOG_COMPILER_APPICON_NAME = AppIcon;
				CODE_SIGN_ENTITLEMENTS = Config/Entitlements/FeedFlowBrowserWorker.developerid.entitlements;
				COMBINE_HIDPI_IMAGES = YES;
				INFOPLIST_FILE = "Config/Info/FeedFlowBrowserWorker-Info.plist";
				LD_RUNPATH_SEARCH_PATHS = (
					"$(inherited)",
					"@executable_path/../Frameworks",
				);
				PRODUCT_BUNDLE_IDENTIFIER = com.chonghanqin.feedflow.browser;
				PRODUCT_NAME = FeedFlowBrowserWorker;
				SDKROOT = macosx;
			};
			name = Release;
		};
		D9249AFC4858A9F472AC5138 /* Debug */ = {
			isa = XCBuildConfiguration;
			buildSettings = {
				ASSETCATALOG_COMPILER_APPICON_NAME = AppIcon;
				CODE_SIGN_ENTITLEMENTS = Config/Entitlements/FeedFlow.developerid.entitlements;
				COMBINE_HIDPI_IMAGES = YES;
				FEEDFLOW_APPCAST_URL = "";
				FEEDFLOW_SPARKLE_PUBLIC_KEY = "";
				INFOPLIST_FILE = "Config/Info/FeedFlow-Info.plist";
				INFOPLIST_KEY_LSApplicationCategoryType = "public.app-category.news";
				LD_RUNPATH_SEARCH_PATHS = (
					"$(inherited)",
					"@executable_path/../Frameworks",
				);
				PRODUCT_BUNDLE_IDENTIFIER = com.chonghanqin.feedflow;
				PRODUCT_NAME = FeedFlow;
				SDKROOT = macosx;
			};
			name = Debug;
		};
		E956562917F187455BB4E577 /* Debug */ = {
			isa = XCBuildConfiguration;
			buildSettings = {
				ALWAYS_SEARCH_USER_PATHS = NO;
				ARCHS = arm64;
				CLANG_ANALYZER_NONNULL = YES;
				CLANG_ANALYZER_NUMBER_OBJECT_CONVERSION = YES_AGGRESSIVE;
				CLANG_CXX_LANGUAGE_STANDARD = "gnu++14";
				CLANG_CXX_LIBRARY = "libc++";
				CLANG_ENABLE_MODULES = YES;
				CLANG_ENABLE_OBJC_ARC = YES;
				CLANG_ENABLE_OBJC_WEAK = YES;
				CLANG_WARN_BLOCK_CAPTURE_AUTORELEASING = YES;
				CLANG_WARN_BOOL_CONVERSION = YES;
				CLANG_WARN_COMMA = YES;
				CLANG_WARN_CONSTANT_CONVERSION = YES;
				CLANG_WARN_DEPRECATED_OBJC_IMPLEMENTATIONS = YES;
				CLANG_WARN_DIRECT_OBJC_ISA_USAGE = YES_ERROR;
				CLANG_WARN_DOCUMENTATION_COMMENTS = YES;
				CLANG_WARN_EMPTY_BODY = YES;
				CLANG_WARN_ENUM_CONVERSION = YES;
				CLANG_WARN_INFINITE_RECURSION = YES;
				CLANG_WARN_INT_CONVERSION = YES;
				CLANG_WARN_NON_LITERAL_NULL_CONVERSION = YES;
				CLANG_WARN_OBJC_IMPLICIT_RETAIN_SELF = YES;
				CLANG_WARN_OBJC_LITERAL_CONVERSION = YES;
				CLANG_WARN_OBJC_ROOT_CLASS = YES_ERROR;
				CLANG_WARN_QUOTED_INCLUDE_IN_FRAMEWORK_HEADER = YES;
				CLANG_WARN_RANGE_LOOP_ANALYSIS = YES;
				CLANG_WARN_STRICT_PROTOTYPES = YES;
				CLANG_WARN_SUSPICIOUS_MOVE = YES;
				CLANG_WARN_UNGUARDED_AVAILABILITY = YES_AGGRESSIVE;
				CLANG_WARN_UNREACHABLE_CODE = YES;
				CLANG_WARN__DUPLICATE_METHOD_MATCH = YES;
				CODE_SIGN_STYLE = Automatic;
				COPY_PHASE_STRIP = NO;
				CURRENT_PROJECT_VERSION = 1;
				DEBUG_INFORMATION_FORMAT = dwarf;
				DEVELOPMENT_TEAM = "";
				ENABLE_HARDENED_RUNTIME = YES;
				ENABLE_STRICT_OBJC_MSGSEND = YES;
				ENABLE_TESTABILITY = YES;
				GCC_C_LANGUAGE_STANDARD = gnu11;
				GCC_DYNAMIC_NO_PIC = NO;
				GCC_NO_COMMON_BLOCKS = YES;
				GCC_OPTIMIZATION_LEVEL = 0;
				GCC_PREPROCESSOR_DEFINITIONS = (
					"$(inherited)",
					"DEBUG=1",
				);
				GCC_WARN_64_TO_32_BIT_CONVERSION = YES;
				GCC_WARN_ABOUT_RETURN_TYPE = YES_ERROR;
				GCC_WARN_UNDECLARED_SELECTOR = YES;
				GCC_WARN_UNINITIALIZED_AUTOS = YES_AGGRESSIVE;
				GCC_WARN_UNUSED_FUNCTION = YES;
				GCC_WARN_UNUSED_VARIABLE = YES;
				GENERATE_INFOPLIST_FILE = NO;
				MACOSX_DEPLOYMENT_TARGET = 15.0;
				MARKETING_VERSION = 0.1.0;
				MTL_ENABLE_DEBUG_INFO = INCLUDE_SOURCE;
				MTL_FAST_MATH = YES;
				ONLY_ACTIVE_ARCH = YES;
				PRODUCT_NAME = "$(TARGET_NAME)";
				SDKROOT = macosx;
				SWIFT_ACTIVE_COMPILATION_CONDITIONS = DEBUG;
				SWIFT_OPTIMIZATION_LEVEL = "-Onone";
				SWIFT_STRICT_CONCURRENCY = complete;
				SWIFT_VERSION = 6.0;
			};
			name = Debug;
		};
/* End XCBuildConfiguration section */

/* Begin XCConfigurationList section */
		120B7DC575744364C837CAF4 /* Build configuration list for PBXProject "FeedFlow" */ = {
			isa = XCConfigurationList;
			buildConfigurations = (
				E956562917F187455BB4E577 /* Debug */,
				6D9E90F9BD10E2BA4E307496 /* Release */,
				5F2D3397FF87CC965C1EA378 /* Sandbox */,
			);
			defaultConfigurationIsVisible = 0;
			defaultConfigurationName = Debug;
		};
		23FB1A3D6EA7ABDC100C07EE /* Build configuration list for PBXNativeTarget "FeedFlowBrowserWorker" */ = {
			isa = XCConfigurationList;
			buildConfigurations = (
				06B9E3195E8AFE869D01F4A9 /* Debug */,
				AC182DC13CF820FB8F8A850A /* Release */,
				7B4B60EB2975993384F3DD49 /* Sandbox */,
			);
			defaultConfigurationIsVisible = 0;
			defaultConfigurationName = Debug;
		};
		57894AE6121310C21CDEB4F8 /* Build configuration list for PBXNativeTarget "FeedFlowShare" */ = {
			isa = XCConfigurationList;
			buildConfigurations = (
				3285495BF2FBA938A52D6A5F /* Debug */,
				29591EEF42E6F8FF5F6CEC75 /* Release */,
				67D2BD533C8E6834A35DDD74 /* Sandbox */,
			);
			defaultConfigurationIsVisible = 0;
			defaultConfigurationName = Debug;
		};
		5FE583A82FA8767952D8CBCD /* Build configuration list for PBXNativeTarget "FeedFlowUITests" */ = {
			isa = XCConfigurationList;
			buildConfigurations = (
				0006ED167FA3F670651B3BD3 /* Debug */,
				91024ECEF6882D94A892C66A /* Release */,
				A226ED6EBDADD19461AB3D94 /* Sandbox */,
			);
			defaultConfigurationIsVisible = 0;
			defaultConfigurationName = Debug;
		};
		673EEDBCF26161F8F7CD9C60 /* Build configuration list for PBXNativeTarget "FeedFlow" */ = {
			isa = XCConfigurationList;
			buildConfigurations = (
				D9249AFC4858A9F472AC5138 /* Debug */,
				470CE0776DD240F4C9D0EC29 /* Release */,
				7EAAEF776BBD396819620876 /* Sandbox */,
			);
			defaultConfigurationIsVisible = 0;
			defaultConfigurationName = Debug;
		};
		81207E62B384B274DF4D2FFC /* Build configuration list for PBXNativeTarget "FeedFlowAgent" */ = {
			isa = XCConfigurationList;
			buildConfigurations = (
				169D6B0CE82243B56D73A7BC /* Debug */,
				1F47D0BDE9D53DC86A457933 /* Release */,
				86BF186DAA39301FDCCBA272 /* Sandbox */,
			);
			defaultConfigurationIsVisible = 0;
			defaultConfigurationName = Debug;
		};
/* End XCConfigurationList section */

/* Begin XCLocalSwiftPackageReference section */
		B08FF9F24120F31A898F7DF4 /* XCLocalSwiftPackageReference "Packages/FeedFlowKit" */ = {
			isa = XCLocalSwiftPackageReference;
			relativePath = Packages/FeedFlowKit;
		};
/* End XCLocalSwiftPackageReference section */

/* Begin XCRemoteSwiftPackageReference section */
		05C6A8B8BCAFAFD6C5F076F2 /* XCRemoteSwiftPackageReference "Sparkle" */ = {
			isa = XCRemoteSwiftPackageReference;
			repositoryURL = "https://github.com/sparkle-project/Sparkle";
			requirement = {
				kind = exactVersion;
				version = 2.9.4;
			};
		};
/* End XCRemoteSwiftPackageReference section */

/* Begin XCSwiftPackageProductDependency section */
		0DF7C575E8E5A634A3BFB736 /* FeedFlowIngestion */ = {
			isa = XCSwiftPackageProductDependency;
			productName = FeedFlowIngestion;
		};
		18D19F67D60BF7F7962D4ECE /* FeedFlowDesignSystem */ = {
			isa = XCSwiftPackageProductDependency;
			productName = FeedFlowDesignSystem;
		};
		2517BCED41089106118883AE /* FeedFlowStorage */ = {
			isa = XCSwiftPackageProductDependency;
			productName = FeedFlowStorage;
		};
		3D764C961B7ADECC79C36752 /* FeedFlowIPC */ = {
			isa = XCSwiftPackageProductDependency;
			productName = FeedFlowIPC;
		};
		456B9C9229765911ED641D7C /* FeedFlowIPC */ = {
			isa = XCSwiftPackageProductDependency;
			productName = FeedFlowIPC;
		};
		4ECA83DE800A876354B1694E /* FeedFlowConnectors */ = {
			isa = XCSwiftPackageProductDependency;
			productName = FeedFlowConnectors;
		};
		4F58F797FCF0812A5575C2D3 /* FeedFlowDomain */ = {
			isa = XCSwiftPackageProductDependency;
			productName = FeedFlowDomain;
		};
		509E8F75B363A3B1113B8DEA /* FeedFlowSearch */ = {
			isa = XCSwiftPackageProductDependency;
			productName = FeedFlowSearch;
		};
		64A31C675586B2ECEA5AADFE /* FeedFlowRanking */ = {
			isa = XCSwiftPackageProductDependency;
			productName = FeedFlowRanking;
		};
		67CEF6987C2ED699F7DE2F45 /* FeedFlowModels */ = {
			isa = XCSwiftPackageProductDependency;
			productName = FeedFlowModels;
		};
		70D62D19E373FFF05EBDABBC /* FeedFlowBrowser */ = {
			isa = XCSwiftPackageProductDependency;
			productName = FeedFlowBrowser;
		};
		7147435FC23898A9C97B67A7 /* FeedFlowIngestion */ = {
			isa = XCSwiftPackageProductDependency;
			productName = FeedFlowIngestion;
		};
		7B34A26B9147386E0DD524DD /* FeedFlowDomain */ = {
			isa = XCSwiftPackageProductDependency;
			productName = FeedFlowDomain;
		};
		9449DF985740F39D06C7CA43 /* FeedFlowIntelligence */ = {
			isa = XCSwiftPackageProductDependency;
			productName = FeedFlowIntelligence;
		};
		A7B42273B716CECDF9B9764B /* FeedFlowRanking */ = {
			isa = XCSwiftPackageProductDependency;
			productName = FeedFlowRanking;
		};
		AD46206C89EEB41641EF9235 /* FeedFlowIntelligence */ = {
			isa = XCSwiftPackageProductDependency;
			productName = FeedFlowIntelligence;
		};
		AE2EA40F1226882D41D865A4 /* FeedFlowReader */ = {
			isa = XCSwiftPackageProductDependency;
			productName = FeedFlowReader;
		};
		D09F43AE760EE4FF03252D61 /* FeedFlowBrowser */ = {
			isa = XCSwiftPackageProductDependency;
			productName = FeedFlowBrowser;
		};
		D3129813C07251107924940F /* FeedFlowConnectors */ = {
			isa = XCSwiftPackageProductDependency;
			productName = FeedFlowConnectors;
		};
		D4B9471F056F9AFD502EABEB /* FeedFlowSearch */ = {
			isa = XCSwiftPackageProductDependency;
			productName = FeedFlowSearch;
		};
		D5F65EBF951457ED4F243FE4 /* FeedFlowBrowser */ = {
			isa = XCSwiftPackageProductDependency;
			productName = FeedFlowBrowser;
		};
		DFC543AD9EC0C1CE66A15E7A /* FeedFlowIPC */ = {
			isa = XCSwiftPackageProductDependency;
			productName = FeedFlowIPC;
		};
		EC901959C67988C8A8844BCB /* FeedFlowConnectors */ = {
			isa = XCSwiftPackageProductDependency;
			productName = FeedFlowConnectors;
		};
		F61F3CBC1EC630D8F1353D6F /* Sparkle */ = {
			isa = XCSwiftPackageProductDependency;
			package = 05C6A8B8BCAFAFD6C5F076F2 /* XCRemoteSwiftPackageReference "Sparkle" */;
			productName = Sparkle;
		};
		FBDD31B8BFAC4424D8B5DE90 /* FeedFlowStorage */ = {
			isa = XCSwiftPackageProductDependency;
			productName = FeedFlowStorage;
		};
/* End XCSwiftPackageProductDependency section */
	};
	rootObject = B63DBA9E515F4B9E4A33BDE5 /* Project object */;
}
